// !$*UTF8*$!
{
	archiveVersion = 1;
	classes = {
	};
	objectVersion = 50;
	objects = {

/* Begin PBXBuildFile section */
		7610E478216C3A800057028D /* OpenGL.framework in Frameworks */ = {isa = PBXBuildFile; fileRef = 7610E477216C3A800057028D /* OpenGL.framework */; };
		7610E47A216C3A840057028D /* GLUT.framework in Frameworks */ = {isa = PBXBuildFile; fileRef = 7610E479216C3A840057028D /* GLUT.framework */; };
		7610E47C216C3C370057028D /* SDL2.framework in Frameworks */ = {isa = PBXBuildFile; fileRef = 7610E47B216C3C370057028D /* SDL2.framework */; };
		7610E4A8216D95AE0057028D /* Interface.cpp in Sources */ = {isa = PBXBuildFile; fileRef = 7610E483216D8BDF0057028D /* Interface.cpp */; };
		7610E4A9216D9E700057028D /* World.cpp in Sources */ = {isa = PBXBuildFile; fileRef = 7610E486216D8C3B0057028D /* World.cpp */; };
		7610E4AB216DC4E60057028D /* image.cpp in Sources */ = {isa = PBXBuildFile; fileRef = 7610E48D216D8D550057028D /* image.cpp */; };
		7610E4AC216DC53C0057028D /* pixel.cpp in Sources */ = {isa = PBXBuildFile; fileRef = 7610E489216D8CD90057028D /* pixel.cpp */; };
		769BAA66217527EA00C2B060 /* main.cpp in Sources */ = {isa = PBXBuildFile; fileRef = 769BAA65217527EA00C2B060 /* main.cpp */; };
		76B991142177FFF900D287F2 /* Entities.cpp in Sources */ = {isa = PBXBuildFile; fileRef = 76B991122177FFF900D287F2 /* Entities.cpp */; };
		76B991172178023A00D287F2 /* Lights.cpp in Sources */ = {isa = PBXBuildFile; fileRef = 76B991152178023A00D287F2 /* Lights.cpp */; };
/* End PBXBuildFile section */

/* Begin PBXCopyFilesBuildPhase section */
		7610E46A216C3A730057028D /* CopyFiles */ = {
			isa = PBXCopyFilesBuildPhase;
			buildActionMask = 2147483647;
			dstPath = /usr/share/man/man1/;
			dstSubfolderSpec = 0;
			files = (
			);
			runOnlyForDeploymentPostprocessing = 1;
		};
/* End PBXCopyFilesBuildPhase section */

/* Begin PBXFileReference section */
		7610E46C216C3A730057028D /* Raytracing */ = {isa = PBXFileReference; explicitFileType = "compiled.mach-o.executable"; includeInIndex = 0; path = Raytracing; sourceTree = BUILT_PRODUCTS_DIR; };
		7610E477216C3A800057028D /* OpenGL.framework */ = {isa = PBXFileReference; lastKnownFileType = wrapper.framework; name = OpenGL.framework; path = System/Library/Frameworks/OpenGL.framework; sourceTree = SDKROOT; };
		7610E479216C3A840057028D /* GLUT.framework */ = {isa = PBXFileReference; lastKnownFileType = wrapper.framework; name = GLUT.framework; path = System/Library/Frameworks/GLUT.framework; sourceTree = SDKROOT; };
		7610E47B216C3C370057028D /* SDL2.framework */ = {isa = PBXFileReference; lastKnownFileType = wrapper.framework; name = SDL2.framework; path = ../../../../../../../Library/Frameworks/SDL2.framework; sourceTree = "<group>"; };
		7610E483216D8BDF0057028D /* Interface.cpp */ = {isa = PBXFileReference; lastKnownFileType = sourcecode.cpp.cpp; path = Interface.cpp; sourceTree = "<group>"; };
		7610E484216D8BDF0057028D /* Interface.hpp */ = {isa = PBXFileReference; lastKnownFileType = sourcecode.cpp.h; path = Interface.hpp; sourceTree = "<group>"; };
		7610E486216D8C3B0057028D /* World.cpp */ = {isa = PBXFileReference; lastKnownFileType = sourcecode.cpp.cpp; path = World.cpp; sourceTree = "<group>"; };
		7610E487216D8C3B0057028D /* World.hpp */ = {isa = PBXFileReference; lastKnownFileType = sourcecode.cpp.h; path = World.hpp; sourceTree = "<group>"; };
		7610E489216D8CD90057028D /* pixel.cpp */ = {isa = PBXFileReference; fileEncoding = 4; lastKnownFileType = sourcecode.cpp.cpp; path = pixel.cpp; sourceTree = "<group>"; };
		7610E48A216D8CD90057028D /* pixel.h */ = {isa = PBXFileReference; fileEncoding = 4; lastKnownFileType = sourcecode.c.h; path = pixel.h; sourceTree = "<group>"; };
		7610E48C216D8D550057028D /* image.h */ = {isa = PBXFileReference; fileEncoding = 4; lastKnownFileType = sourcecode.c.h; path = image.h; sourceTree = "<group>"; };
		7610E48D216D8D550057028D /* image.cpp */ = {isa = PBXFileReference; fileEncoding = 4; lastKnownFileType = sourcecode.cpp.cpp; path = image.cpp; sourceTree = "<group>"; };
		7610E48F216D8DB80057028D /* stb_image.h */ = {isa = PBXFileReference; fileEncoding = 4; lastKnownFileType = sourcecode.c.h; path = stb_image.h; sourceTree = "<group>"; };
		7610E490216D8DB80057028D /* stb_image_write.h */ = {isa = PBXFileReference; fileEncoding = 4; lastKnownFileType = sourcecode.c.h; path = stb_image_write.h; sourceTree = "<group>"; };
		769BAA65217527EA00C2B060 /* main.cpp */ = {isa = PBXFileReference; fileEncoding = 4; lastKnownFileType = sourcecode.cpp.cpp; path = main.cpp; sourceTree = "<group>"; };
		76B991112177CDDC00D287F2 /* Default_setting.h */ = {isa = PBXFileReference; lastKnownFileType = sourcecode.c.h; path = Default_setting.h; sourceTree = "<group>"; };
		76B991122177FFF900D287F2 /* Entities.cpp */ = {isa = PBXFileReference; lastKnownFileType = sourcecode.cpp.cpp; path = Entities.cpp; sourceTree = "<group>"; };
		76B991132177FFF900D287F2 /* Entities.hpp */ = {isa = PBXFileReference; lastKnownFileType = sourcecode.cpp.h; path = Entities.hpp; sourceTree = "<group>"; };
		76B991152178023A00D287F2 /* Lights.cpp */ = {isa = PBXFileReference; lastKnownFileType = sourcecode.cpp.cpp; path = Lights.cpp; sourceTree = "<group>"; };
		76B991162178023A00D287F2 /* Lights.hpp */ = {isa = PBXFileReference; lastKnownFileType = sourcecode.cpp.h; path = Lights.hpp; sourceTree = "<group>"; };
/* End PBXFileReference section */

/* Begin PBXFrameworksBuildPhase section */
		7610E469216C3A730057028D /* Frameworks */ = {
			isa = PBXFrameworksBuildPhase;
			buildActionMask = 2147483647;
			files = (
				7610E47C216C3C370057028D /* SDL2.framework in Frameworks */,
				7610E47A216C3A840057028D /* GLUT.framework in Frameworks */,
				7610E478216C3A800057028D /* OpenGL.framework in Frameworks */,
			);
			runOnlyForDeploymentPostprocessing = 0;
		};
/* End PBXFrameworksBuildPhase section */

/* Begin PBXGroup section */
		7610E463216C3A730057028D = {
			isa = PBXGroup;
			children = (
				7610E46E216C3A730057028D /* Raytracing */,
				7610E46D216C3A730057028D /* Products */,
				7610E476216C3A7F0057028D /* Frameworks */,
			);
			sourceTree = "<group>";
		};
		7610E46D216C3A730057028D /* Products */ = {
			isa = PBXGroup;
			children = (
				7610E46C216C3A730057028D /* Raytracing */,
			);
			name = Products;
			sourceTree = "<group>";
		};
		7610E46E216C3A730057028D /* Raytracing */ = {
			isa = PBXGroup;
			children = (
				7610E486216D8C3B0057028D /* World.cpp */,
				76B991152178023A00D287F2 /* Lights.cpp */,
				76B991162178023A00D287F2 /* Lights.hpp */,
				76B991122177FFF900D287F2 /* Entities.cpp */,
				76B991132177FFF900D287F2 /* Entities.hpp */,
				7610E487216D8C3B0057028D /* World.hpp */,
				769BAA65217527EA00C2B060 /* main.cpp */,
				7610E483216D8BDF0057028D /* Interface.cpp */,
				7610E484216D8BDF0057028D /* Interface.hpp */,
				7610E490216D8DB80057028D /* stb_image_write.h */,
				7610E48F216D8DB80057028D /* stb_image.h */,
				7610E489216D8CD90057028D /* pixel.cpp */,
				7610E48A216D8CD90057028D /* pixel.h */,
				7610E48D216D8D550057028D /* image.cpp */,
				7610E48C216D8D550057028D /* image.h */,
				76B991112177CDDC00D287F2 /* Default_setting.h */,
			);
			path = Raytracing;
			sourceTree = "<group>";
		};
		7610E476216C3A7F0057028D /* Frameworks */ = {
			isa = PBXGroup;
			children = (
				7610E47B216C3C370057028D /* SDL2.framework */,
				7610E479216C3A840057028D /* GLUT.framework */,
				7610E477216C3A800057028D /* OpenGL.framework */,
			);
			name = Frameworks;
			sourceTree = "<group>";
		};
/* End PBXGroup section */

/* Begin PBXNativeTarget section */
		7610E46B216C3A730057028D /* Raytracing */ = {
			isa = PBXNativeTarget;
			buildConfigurationList = 7610E473216C3A730057028D /* Build configuration list for PBXNativeTarget "Raytracing" */;
			buildPhases = (
				7610E468216C3A730057028D /* Sources */,
				7610E469216C3A730057028D /* Frameworks */,
				7610E46A216C3A730057028D /* CopyFiles */,
			);
			buildRules = (
			);
			dependencies = (
			);
			name = Raytracing;
			productName = Raytracing;
			productReference = 7610E46C216C3A730057028D /* Raytracing */;
			productType = "com.apple.product-type.tool";
		};
/* End PBXNativeTarget section */

/* Begin PBXProject section */
		7610E464216C3A730057028D /* Project object */ = {
			isa = PBXProject;
			attributes = {
				LastUpgradeCheck = 1000;
				ORGANIZATIONNAME = "Dengyuan Wang";
				TargetAttributes = {
					7610E46B216C3A730057028D = {
						CreatedOnToolsVersion = 10.0;
					};
				};
			};
			buildConfigurationList = 7610E467216C3A730057028D /* Build configuration list for PBXProject "Raytracing" */;
			compatibilityVersion = "Xcode 9.3";
			developmentRegion = en;
			hasScannedForEncodings = 0;
			knownRegions = (
				en,
			);
			mainGroup = 7610E463216C3A730057028D;
			productRefGroup = 7610E46D216C3A730057028D /* Products */;
			projectDirPath = "";
			projectRoot = "";
			targets = (
				7610E46B216C3A730057028D /* Raytracing */,
			);
		};
/* End PBXProject section */

/* Begin PBXSourcesBuildPhase section */
		7610E468216C3A730057028D /* Sources */ = {
			isa = PBXSourcesBuildPhase;
			buildActionMask = 2147483647;
			files = (
				7610E4AC216DC53C0057028D /* pixel.cpp in Sources */,
				76B991172178023A00D287F2 /* Lights.cpp in Sources */,
				7610E4AB216DC4E60057028D /* image.cpp in Sources */,
				769BAA66217527EA00C2B060 /* main.cpp in Sources */,
				7610E4A9216D9E700057028D /* World.cpp in Sources */,
				76B991142177FFF900D287F2 /* Entities.cpp in Sources */,
				7610E4A8216D95AE0057028D /* Interface.cpp in Sources */,
			);
			runOnlyForDeploymentPostprocessing = 0;
		};
/* End PBXSourcesBuildPhase section */

/* Begin XCBuildConfiguration section */
		7610E471216C3A730057028D /* Debug */ = {
			isa = XCBuildConfiguration;
			buildSettings = {
				ALWAYS_SEARCH_USER_PATHS = NO;
				CLANG_ANALYZER_NONNULL = YES;
				CLANG_ANALYZER_NUMBER_OBJECT_CONVERSION = YES_AGGRESSIVE;
				CLANG_CXX_LANGUAGE_STANDARD = "gnu++14";
				CLANG_CXX_LIBRARY = "libc++";
				CLANG_ENABLE_MODULES = YES;
				CLANG_ENABLE_OBJC_ARC = YES;
				CLANG_ENABLE_OBJC_WEAK = YES;
				CLANG_WARN_BLOCK_CAPTURE_AUTORELEASING = YES;
				CLANG_WARN_BOOL_CONVERSION = YES;
				CLANG_WARN_COMMA = YES;
				CLANG_WARN_CONSTANT_CONVERSION = YES;
				CLANG_WARN_DEPRECATED_OBJC_IMPLEMENTATIONS = YES;
				CLANG_WARN_DIRECT_OBJC_ISA_USAGE = YES_ERROR;
				CLANG_WARN_DOCUMENTATION_COMMENTS = YES;
				CLANG_WARN_EMPTY_BODY = YES;
				CLANG_WARN_ENUM_CONVERSION = YES;
				CLANG_WARN_INFINITE_RECURSION = YES;
				CLANG_WARN_INT_CONVERSION = YES;
				CLANG_WARN_NON_LITERAL_NULL_CONVERSION = YES;
				CLANG_WARN_OBJC_IMPLICIT_RETAIN_SELF = YES;
				CLANG_WARN_OBJC_LITERAL_CONVERSION = YES;
				CLANG_WARN_OBJC_ROOT_CLASS = YES_ERROR;
				CLANG_WARN_RANGE_LOOP_ANALYSIS = YES;
				CLANG_WARN_STRICT_PROTOTYPES = YES;
				CLANG_WARN_SUSPICIOUS_MOVE = YES;
				CLANG_WARN_UNGUARDED_AVAILABILITY = YES_AGGRESSIVE;
				CLANG_WARN_UNREACHABLE_CODE = YES;
				CLANG_WARN__DUPLICATE_METHOD_MATCH = YES;
				CODE_SIGN_IDENTITY = "-";
				COPY_PHASE_STRIP = NO;
				DEBUG_INFORMATION_FORMAT = dwarf;
				ENABLE_STRICT_OBJC_MSGSEND = YES;
				ENABLE_TESTABILITY = YES;
				GCC_C_LANGUAGE_STANDARD = gnu11;
				GCC_DYNAMIC_NO_PIC = NO;
				GCC_NO_COMMON_BLOCKS = YES;
				GCC_OPTIMIZATION_LEVEL = 0;
				GCC_PREPROCESSOR_DEFINITIONS = (
					"DEBUG=1",
					"$(inherited)",
				);
				GCC_WARN_64_TO_32_BIT_CONVERSION = YES;
				GCC_WARN_ABOUT_RETURN_TYPE = YES_ERROR;
				GCC_WARN_UNDECLARED_SELECTOR = YES;
				GCC_WARN_UNINITIALIZED_AUTOS = YES_AGGRESSIVE;
				GCC_WARN_UNUSED_FUNCTION = YES;
				GCC_WARN_UNUSED_VARIABLE = YES;
				MACOSX_DEPLOYMENT_TARGET = 10.13;
				MTL_ENABLE_DEBUG_INFO = INCLUDE_SOURCE;
				MTL_FAST_MATH = YES;
				ONLY_ACTIVE_ARCH = YES;
				SDKROOT = macosx;
			};
			name = Debug;
		};
		7610E472216C3A730057028D /* Release */ = {
			isa = XCBuildConfiguration;
			buildSettings = {
				ALWAYS_SEARCH_USER_PATHS = NO;
				CLANG_ANALYZER_NONNULL = YES;
				CLANG_ANALYZER_NUMBER_OBJECT_CONVERSION = YES_AGGRESSIVE;
				CLANG_CXX_LANGUAGE_STANDARD = "gnu++14";
				CLANG_CXX_LIBRARY = "libc++";
				CLANG_ENABLE_MODULES = YES;
				CLANG_ENABLE_OBJC_ARC = YES;
				CLANG_ENABLE_OBJC_WEAK = YES;
				CLANG_WARN_BLOCK_CAPTURE_AUTORELEASING = YES;
				CLANG_WARN_BOOL_CONVERSION = YES;
				CLANG_WARN_COMMA = YES;
				CLANG_WARN_CONSTANT_CONVERSION = YES;
				CLANG_WARN_DEPRECATED_OBJC_IMPLEMENTATIONS = YES;
				CLANG_WARN_DIRECT_OBJC_ISA_USAGE = YES_ERROR;
				CLANG_WARN_DOCUMENTATION_COMMENTS = YES;
				CLANG_WARN_EMPTY_BODY = YES;
				CLANG_WARN_ENUM_CONVERSION = YES;
				CLANG_WARN_INFINITE_RECURSION = YES;
				CLANG_WARN_INT_CONVERSION = YES;
				CLANG_WARN_NON_LITERAL_NULL_CONVERSION = YES;
				CLANG_WARN_OBJC_IMPLICIT_RETAIN_SELF = YES;
				CLANG_WARN_OBJC_LITERAL_CONVERSION = YES;
				CLANG_WARN_OBJC_ROOT_CLASS = YES_ERROR;
				CLANG_WARN_RANGE_LOOP_ANALYSIS = YES;
				CLANG_WARN_STRICT_PROTOTYPES = YES;
				CLANG_WARN_SUSPICIOUS_MOVE = YES;
				CLANG_WARN_UNGUARDED_AVAILABILITY = YES_AGGRESSIVE;
				CLANG_WARN_UNREACHABLE_CODE = YES;
				CLANG_WARN__DUPLICATE_METHOD_MATCH = YES;
				CODE_SIGN_IDENTITY = "-";
				COPY_PHASE_STRIP = NO;
				DEBUG_INFORMATION_FORMAT = "dwarf-with-dsym";
				ENABLE_NS_ASSERTIONS = NO;
				ENABLE_STRICT_OBJC_MSGSEND = YES;
				GCC_C_LANGUAGE_STANDARD = gnu11;
				GCC_NO_COMMON_BLOCKS = YES;
				GCC_WARN_64_TO_32_BIT_CONVERSION = YES;
				GCC_WARN_ABOUT_RETURN_TYPE = YES_ERROR;
				GCC_WARN_UNDECLARED_SELECTOR = YES;
				GCC_WARN_UNINITIALIZED_AUTOS = YES_AGGRESSIVE;
				GCC_WARN_UNUSED_FUNCTION = YES;
				GCC_WARN_UNUSED_VARIABLE = YES;
				MACOSX_DEPLOYMENT_TARGET = 10.13;
				MTL_ENABLE_DEBUG_INFO = NO;
				MTL_FAST_MATH = YES;
				SDKROOT = macosx;
			};
			name = Release;
		};
		7610E474216C3A730057028D /* Debug */ = {
			isa = XCBuildConfiguration;
			buildSettings = {
				CODE_SIGN_STYLE = Automatic;
				FRAMEWORK_SEARCH_PATHS = (
					"$(inherited)",
					"$(LOCAL_LIBRARY_DIR)/Frameworks",
				);
				HEADER_SEARCH_PATHS = "";
				PRODUCT_NAME = "$(TARGET_NAME)";
			};
			name = Debug;
		};
		7610E475216C3A730057028D /* Release */ = {
			isa = XCBuildConfiguration;
			buildSettings = {
				CODE_SIGN_STYLE = Automatic;
				FRAMEWORK_SEARCH_PATHS = (
					"$(inherited)",
					"$(LOCAL_LIBRARY_DIR)/Frameworks",
				);
				HEADER_SEARCH_PATHS = "";
				PRODUCT_NAME = "$(TARGET_NAME)";
			};
			name = Release;
		};
/* End XCBuildConfiguration section */

/* Begin XCConfigurationList section */
		7610E467216C3A730057028D /* Build configuration list for PBXProject "Raytracing" */ = {
			isa = XCConfigurationList;
			buildConfigurations = (
				7610E471216C3A730057028D /* Debug */,
				7610E472216C3A730057028D /* Release */,
			);
			defaultConfigurationIsVisible = 0;
			defaultConfigurationName = Release;
		};
		7610E473216C3A730057028D /* Build configuration list for PBXNativeTarget "Raytracing" */ = {
			isa = XCConfigurationList;
			buildConfigurations = (
				7610E474216C3A730057028D /* Debug */,
				7610E475216C3A730057028D /* Release */,
			);
			defaultConfigurationIsVisible = 0;
			defaultConfigurationName = Release;
		};
/* End XCConfigurationList section */
	};
	rootObject = 7610E464216C3A730057028D /* Project object */;
}
